// !$*UTF8*$!
{
	archiveVersion = 1;
	classes = {
	};
	objectVersion = 46;
	objects = {

/* Begin PBXBuildFile section */
		40E9A55A1835BE0100924819 /* Foundation.framework in Frameworks */ = {isa = PBXBuildFile; fileRef = 40E9A5591835BE0100924819 /* Foundation.framework */; };
		40E9A55C1835BE0100924819 /* CoreGraphics.framework in Frameworks */ = {isa = PBXBuildFile; fileRef = 40E9A55B1835BE0100924819 /* CoreGraphics.framework */; };
		40E9A55E1835BE0100924819 /* UIKit.framework in Frameworks */ = {isa = PBXBuildFile; fileRef = 40E9A55D1835BE0100924819 /* UIKit.framework */; };
		40E9A5641835BE0100924819 /* InfoPlist.strings in Resources */ = {isa = PBXBuildFile; fileRef = 40E9A5621835BE0100924819 /* InfoPlist.strings */; };
		40E9A5661835BE0100924819 /* main.m in Sources */ = {isa = PBXBuildFile; fileRef = 40E9A5651835BE0100924819 /* main.m */; };
		40E9A56A1835BE0100924819 /* SimpleTableAppDelegate.m in Sources */ = {isa = PBXBuildFile; fileRef = 40E9A5691835BE0100924819 /* SimpleTableAppDelegate.m */; };
		40E9A56D1835BE0100924819 /* Main.storyboard in Resources */ = {isa = PBXBuildFile; fileRef = 40E9A56B1835BE0100924819 /* Main.storyboard */; };
		40E9A5701835BE0100924819 /* SimpleTableViewController.m in Sources */ = {isa = PBXBuildFile; fileRef = 40E9A56F1835BE0100924819 /* SimpleTableViewController.m */; };
		40E9A5721835BE0100924819 /* Images.xcassets in Resources */ = {isa = PBXBuildFile; fileRef = 40E9A5711835BE0100924819 /* Images.xcassets */; };
		40E9A5791835BE0100924819 /* XCTest.framework in Frameworks */ = {isa = PBXBuildFile; fileRef = 40E9A5781835BE0100924819 /* XCTest.framework */; };
		40E9A57A1835BE0100924819 /* Foundation.framework in Frameworks */ = {isa = PBXBuildFile; fileRef = 40E9A5591835BE0100924819 /* Foundation.framework */; };
		40E9A57B1835BE0100924819 /* UIKit.framework in Frameworks */ = {isa = PBXBuildFile; fileRef = 40E9A55D1835BE0100924819 /* UIKit.framework */; };
		40E9A5831835BE0100924819 /* InfoPlist.strings in Resources */ = {isa = PBXBuildFile; fileRef = 40E9A5811835BE0100924819 /* InfoPlist.strings */; };
		40E9A5851835BE0100924819 /* SimpleTableTests.m in Sources */ = {isa = PBXBuildFile; fileRef = 40E9A5841835BE0100924819 /* SimpleTableTests.m */; };
/* End PBXBuildFile section */

/* Begin PBXContainerItemProxy section */
		40E9A57C1835BE0100924819 /* PBXContainerItemProxy */ = {
			isa = PBXContainerItemProxy;
			containerPortal = 40E9A54E1835BE0000924819 /* Project object */;
			proxyType = 1;
			remoteGlobalIDString = 40E9A5551835BE0000924819;
			remoteInfo = SimpleTable;
		};
/* End PBXContainerItemProxy section */

/* Begin PBXFileReference section */
		40E9A5561835BE0000924819 /* SimpleTable.app */ = {isa = PBXFileReference; explicitFileType = wrapper.application; includeInIndex = 0; path = SimpleTable.app; sourceTree = BUILT_PRODUCTS_DIR; };
		40E9A5591835BE0100924819 /* Foundation.framework */ = {isa = PBXFileReference; lastKnownFileType = wrapper.framework; name = Foundation.framework; path = System/Library/Frameworks/Foundation.framework; sourceTree = SDKROOT; };
		40E9A55B1835BE0100924819 /* CoreGraphics.framework */ = {isa = PBXFileReference; lastKnownFileType = wrapper.framework; name = CoreGraphics.framework; path = System/Library/Frameworks/CoreGraphics.framework; sourceTree = SDKROOT; };
		40E9A55D1835BE0100924819 /* UIKit.framework */ = {isa = PBXFileReference; lastKnownFileType = wrapper.framework; name = UIKit.framework; path = System/Library/Frameworks/UIKit.framework; sourceTree = SDKROOT; };
		40E9A5611835BE0100924819 /* SimpleTable-Info.plist */ = {isa = PBXFileReference; lastKnownFileType = text.plist.xml; path = "SimpleTable-Info.plist"; sourceTree = "<group>"; };
		40E9A5631835BE0100924819 /* en */ = {isa = PBXFileReference; lastKnownFileType = text.plist.strings; name = en; path = en.lproj/InfoPlist.strings; sourceTree = "<group>"; };
		40E9A5651835BE0100924819 /* main.m */ = {isa = PBXFileReference; lastKnownFileType = sourcecode.c.objc; path = main.m; sourceTree = "<group>"; };
		40E9A5671835BE0100924819 /* SimpleTable-Prefix.pch */ = {isa = PBXFileReference; lastKnownFileType = sourcecode.c.h; path = "SimpleTable-Prefix.pch"; sourceTree = "<group>"; };
		40E9A5681835BE0100924819 /* SimpleTableAppDelegate.h */ = {isa = PBXFileReference; lastKnownFileType = sourcecode.c.h; path = SimpleTableAppDelegate.h; sourceTree = "<group>"; };
		40E9A5691835BE0100924819 /* SimpleTableAppDelegate.m */ = {isa = PBXFileReference; lastKnownFileType = sourcecode.c.objc; path = SimpleTableAppDelegate.m; sourceTree = "<group>"; };
		40E9A56C1835BE0100924819 /* Base */ = {isa = PBXFileReference; lastKnownFileType = file.storyboard; name = Base; path = Base.lproj/Main.storyboard; sourceTree = "<group>"; };
		40E9A56E1835BE0100924819 /* SimpleTableViewController.h */ = {isa = PBXFileReference; lastKnownFileType = sourcecode.c.h; path = SimpleTableViewController.h; sourceTree = "<group>"; };
		40E9A56F1835BE0100924819 /* SimpleTableViewController.m */ = {isa = PBXFileReference; lastKnownFileType = sourcecode.c.objc; path = SimpleTableViewController.m; sourceTree = "<group>"; };
		40E9A5711835BE0100924819 /* Images.xcassets */ = {isa = PBXFileReference; lastKnownFileType = folder.assetcatalog; path = Images.xcassets; sourceTree = "<group>"; };
		40E9A5771835BE0100924819 /* SimpleTableTests.xctest */ = {isa = PBXFileReference; explicitFileType = wrapper.cfbundle; includeInIndex = 0; path = SimpleTableTests.xctest; sourceTree = BUILT_PRODUCTS_DIR; };
		40E9A5781835BE0100924819 /* XCTest.framework */ = {isa = PBXFileReference; lastKnownFileType = wrapper.framework; name = XCTest.framework; path = Library/Frameworks/XCTest.framework; sourceTree = DEVELOPER_DIR; };
		40E9A5801835BE0100924819 /* SimpleTableTests-Info.plist */ = {isa = PBXFileReference; lastKnownFileType = text.plist.xml; path = "SimpleTableTests-Info.plist"; sourceTree = "<group>"; };
		40E9A5821835BE0100924819 /* en */ = {isa = PBXFileReference; lastKnownFileType = text.plist.strings; name = en; path = en.lproj/InfoPlist.strings; sourceTree = "<group>"; };
		40E9A5841835BE0100924819 /* SimpleTableTests.m */ = {isa = PBXFileReference; lastKnownFileType = sourcecode.c.objc; path = SimpleTableTests.m; sourceTree = "<group>"; };
/* End PBXFileReference section */

/* Begin PBXFrameworksBuildPhase section */
		40E9A5531835BE0000924819 /* Frameworks */ = {
			isa = PBXFrameworksBuildPhase;
			buildActionMask = 2147483647;
			files = (
				40E9A55C1835BE0100924819 /* CoreGraphics.framework in Frameworks */,
				40E9A55E1835BE0100924819 /* UIKit.framework in Frameworks */,
				40E9A55A1835BE0100924819 /* Foundation.framework in Frameworks */,
			);
			runOnlyForDeploymentPostprocessing = 0;
		};
		40E9A5741835BE0100924819 /* Frameworks */ = {
			isa = PBXFrameworksBuildPhase;
			buildActionMask = 2147483647;
			files = (
				40E9A5791835BE0100924819 /* XCTest.framework in Frameworks */,
				40E9A57B1835BE0100924819 /* UIKit.framework in Frameworks */,
				40E9A57A1835BE0100924819 /* Foundation.framework in Frameworks */,
			);
			runOnlyForDeploymentPostprocessing = 0;
		};
/* End PBXFrameworksBuildPhase section */

/* Begin PBXGroup section */
		40E9A54D1835BE0000924819 = {
			isa = PBXGroup;
			children = (
				40E9A55F1835BE0100924819 /* SimpleTable */,
				40E9A57E1835BE0100924819 /* SimpleTableTests */,
				40E9A5581835BE0000924819 /* Frameworks */,
				40E9A5571835BE0000924819 /* Products */,
			);
			sourceTree = "<group>";
		};
		40E9A5571835BE0000924819 /* Products */ = {
			isa = PBXGroup;
			children = (
				40E9A5561835BE0000924819 /* SimpleTable.app */,
				40E9A5771835BE0100924819 /* SimpleTableTests.xctest */,
			);
			name = Products;
			sourceTree = "<group>";
		};
		40E9A5581835BE0000924819 /* Frameworks */ = {
			isa = PBXGroup;
			children = (
				40E9A5591835BE0100924819 /* Foundation.framework */,
				40E9A55B1835BE0100924819 /* CoreGraphics.framework */,
				40E9A55D1835BE0100924819 /* UIKit.framework */,
				40E9A5781835BE0100924819 /* XCTest.framework */,
			);
			name = Frameworks;
			sourceTree = "<group>";
		};
		40E9A55F1835BE0100924819 /* SimpleTable */ = {
			isa = PBXGroup;
			children = (
				40E9A5681835BE0100924819 /* SimpleTableAppDelegate.h */,
				40E9A5691835BE0100924819 /* SimpleTableAppDelegate.m */,
				40E9A56B1835BE0100924819 /* Main.storyboard */,
				40E9A56E1835BE0100924819 /* SimpleTableViewController.h */,
				40E9A56F1835BE0100924819 /* SimpleTableViewController.m */,
				40E9A5711835BE0100924819 /* Images.xcassets */,
				40E9A5601835BE0100924819 /* Supporting Files */,
			);
			path = SimpleTable;
			sourceTree = "<group>";
		};
		40E9A5601835BE0100924819 /* Supporting Files */ = {
			isa = PBXGroup;
			children = (
				40E9A5611835BE0100924819 /* SimpleTable-Info.plist */,
				40E9A5621835BE0100924819 /* InfoPlist.strings */,
				40E9A5651835BE0100924819 /* main.m */,
				40E9A5671835BE0100924819 /* SimpleTable-Prefix.pch */,
			);
			name = "Supporting Files";
			sourceTree = "<group>";
		};
		40E9A57E1835BE0100924819 /* SimpleTableTests */ = {
			isa = PBXGroup;
			children = (
				40E9A5841835BE0100924819 /* SimpleTableTests.m */,
				40E9A57F1835BE0100924819 /* Supporting Files */,
			);
			path = SimpleTableTests;
			sourceTree = "<group>";
		};
		40E9A57F1835BE0100924819 /* Supporting Files */ = {
			isa = PBXGroup;
			children = (
				40E9A5801835BE0100924819 /* SimpleTableTests-Info.plist */,
				40E9A5811835BE0100924819 /* InfoPlist.strings */,
			);
			name = "Supporting Files";
			sourceTree = "<group>";
		};
/* End PBXGroup section */

/* Begin PBXNativeTarget section */
		40E9A5551835BE0000924819 /* SimpleTable */ = {
			isa = PBXNativeTarget;
			buildConfigurationList = 40E9A5881835BE0100924819 /* Build configuration list for PBXNativeTarget "SimpleTable" */;
			buildPhases = (
				40E9A5521835BE0000924819 /* Sources */,
				40E9A5531835BE0000924819 /* Frameworks */,
				40E9A5541835BE0000924819 /* Resources */,
			);
			buildRules = (
			);
			dependencies = (
			);
			name = SimpleTable;
			productName = SimpleTable;
			productReference = 40E9A5561835BE0000924819 /* SimpleTable.app */;
			productType = "com.apple.product-type.application";
		};
		40E9A5761835BE0100924819 /* SimpleTableTests */ = {
			isa = PBXNativeTarget;
			buildConfigurationList = 40E9A58B1835BE0100924819 /* Build configuration list for PBXNativeTarget "SimpleTableTests" */;
			buildPhases = (
				40E9A5731835BE0100924819 /* Sources */,
				40E9A5741835BE0100924819 /* Frameworks */,
				40E9A5751835BE0100924819 /* Resources */,
			);
			buildRules = (
			);
			dependencies = (
				40E9A57D1835BE0100924819 /* PBXTargetDependency */,
			);
			name = SimpleTableTests;
			productName = SimpleTableTests;
			productReference = 40E9A5771835BE0100924819 /* SimpleTableTests.xctest */;
			productType = "com.apple.product-type.bundle.unit-test";
		};
/* End PBXNativeTarget section */

/* Begin PBXProject section */
		40E9A54E1835BE0000924819 /* Project object */ = {
			isa = PBXProject;
			attributes = {
				CLASSPREFIX = SimpleTable;
				LastUpgradeCheck = 0500;
				ORGANIZATIONNAME = "Masashi Kurita";
				TargetAttributes = {
					40E9A5761835BE0100924819 = {
						TestTargetID = 40E9A5551835BE0000924819;
					};
				};
			};
			buildConfigurationList = 40E9A5511835BE0000924819 /* Build configuration list for PBXProject "SimpleTable" */;
			compatibilityVersion = "Xcode 3.2";
			developmentRegion = English;
			hasScannedForEncodings = 0;
			knownRegions = (
				en,
				Base,
			);
			mainGroup = 40E9A54D1835BE0000924819;
			productRefGroup = 40E9A5571835BE0000924819 /* Products */;
			projectDirPath = "";
			projectRoot = "";
			targets = (
				40E9A5551835BE0000924819 /* SimpleTable */,
				40E9A5761835BE0100924819 /* SimpleTableTests */,
			);
		};
/* End PBXProject section */

/* Begin PBXResourcesBuildPhase section */
		40E9A5541835BE0000924819 /* Resources */ = {
			isa = PBXResourcesBuildPhase;
			buildActionMask = 2147483647;
			files = (
				40E9A5721835BE0100924819 /* Images.xcassets in Resources */,
				40E9A5641835BE0100924819 /* InfoPlist.strings in Resources */,
				40E9A56D1835BE0100924819 /* Main.storyboard in Resources */,
			);
			runOnlyForDeploymentPostprocessing = 0;
		};
		40E9A5751835BE0100924819 /* Resources */ = {
			isa = PBXResourcesBuildPhase;
			buildActionMask = 2147483647;
			files = (
				40E9A5831835BE0100924819 /* InfoPlist.strings in Resources */,
			);
			runOnlyForDeploymentPostprocessing = 0;
		};
/* End PBXResourcesBuildPhase section */

/* Begin PBXSourcesBuildPhase section */
		40E9A5521835BE0000924819 /* Sources */ = {
			isa = PBXSourcesBuildPhase;
			buildActionMask = 2147483647;
			files = (
				40E9A5661835BE0100924819 /* main.m in Sources */,
				40E9A56A1835BE0100924819 /* SimpleTableAppDelegate.m in Sources */,
				40E9A5701835BE0100924819 /* SimpleTableViewController.m in Sources */,
			);
			runOnlyForDeploymentPostprocessing = 0;
		};
		40E9A5731835BE0100924819 /* Sources */ = {
			isa = PBXSourcesBuildPhase;
			buildActionMask = 2147483647;
			files = (
				40E9A5851835BE0100924819 /* SimpleTableTests.m in Sources */,
			);
			runOnlyForDeploymentPostprocessing = 0;
		};
/* End PBXSourcesBuildPhase section */

/* Begin PBXTargetDependency section */
		40E9A57D1835BE0100924819 /* PBXTargetDependency */ = {
			isa = PBXTargetDependency;
			target = 40E9A5551835BE0000924819 /* SimpleTable */;
			targetProxy = 40E9A57C1835BE0100924819 /* PBXContainerItemProxy */;
		};
/* End PBXTargetDependency section */

/* Begin PBXVariantGroup section */
		40E9A5621835BE0100924819 /* InfoPlist.strings */ = {
			isa = PBXVariantGroup;
			children = (
				40E9A5631835BE0100924819 /* en */,
			);
			name = InfoPlist.strings;
			sourceTree = "<group>";
		};
		40E9A56B1835BE0100924819 /* Main.storyboard */ = {
			isa = PBXVariantGroup;
			children = (
				40E9A56C1835BE0100924819 /* Base */,
			);
			name = Main.storyboard;
			sourceTree = "<group>";
		};
		40E9A5811835BE0100924819 /* InfoPlist.strings */ = {
			isa = PBXVariantGroup;
			children = (
				40E9A5821835BE0100924819 /* en */,
			);
			name = InfoPlist.strings;
			sourceTree = "<group>";
		};
/* End PBXVariantGroup section */

/* Begin XCBuildConfiguration section */
		40E9A5861835BE0100924819 /* Debug */ = {
			isa = XCBuildConfiguration;
			buildSettings = {
				ALWAYS_SEARCH_USER_PATHS = NO;
				ARCHS = "$(ARCHS_STANDARD_INCLUDING_64_BIT)";
				CLANG_CXX_LANGUAGE_STANDARD = "gnu++0x";
				CLANG_CXX_LIBRARY = "libc++";
				CLANG_ENABLE_MODULES = YES;
				CLANG_ENABLE_OBJC_ARC = YES;
				CLANG_WARN_BOOL_CONVERSION = YES;
				CLANG_WARN_CONSTANT_CONVERSION = YES;
				CLANG_WARN_DIRECT_OBJC_ISA_USAGE = YES_ERROR;
				CLANG_WARN_EMPTY_BODY = YES;
				CLANG_WARN_ENUM_CONVERSION = YES;
				CLANG_WARN_INT_CONVERSION = YES;
				CLANG_WARN_OBJC_ROOT_CLASS = YES_ERROR;
				CLANG_WARN__DUPLICATE_METHOD_MATCH = YES;
				"CODE_SIGN_IDENTITY[sdk=iphoneos*]" = "iPhone Developer";
				COPY_PHASE_STRIP = NO;
				GCC_C_LANGUAGE_STANDARD = gnu99;
				GCC_DYNAMIC_NO_PIC = NO;
				GCC_OPTIMIZATION_LEVEL = 0;
				GCC_PREPROCESSOR_DEFINITIONS = (
					"DEBUG=1",
					"$(inherited)",
				);
				GCC_SYMBOLS_PRIVATE_EXTERN = NO;
				GCC_WARN_64_TO_32_BIT_CONVERSION = YES;
				GCC_WARN_ABOUT_RETURN_TYPE = YES_ERROR;
				GCC_WARN_UNDECLARED_SELECTOR = YES;
				GCC_WARN_UNINITIALIZED_AUTOS = YES;
				GCC_WARN_UNUSED_FUNCTION = YES;
				GCC_WARN_UNUSED_VARIABLE = YES;
				IPHONEOS_DEPLOYMENT_TARGET = 7.0;
				ONLY_ACTIVE_ARCH = YES;
				SDKROOT = iphoneos;
			};
			name = Debug;
		};
		40E9A5871835BE0100924819 /* Release */ = {
			isa = XCBuildConfiguration;
			buildSettings = {
				ALWAYS_SEARCH_USER_PATHS = NO;
				ARCHS = "$(ARCHS_STANDARD_INCLUDING_64_BIT)";
				CLANG_CXX_LANGUAGE_STANDARD = "gnu++0x";
				CLANG_CXX_LIBRARY = "libc++";
				CLANG_ENABLE_MODULES = YES;
				CLANG_ENABLE_OBJC_ARC = YES;
				CLANG_WARN_BOOL_CONVERSION = YES;
				CLANG_WARN_CONSTANT_CONVERSION = YES;
				CLANG_WARN_DIRECT_OBJC_ISA_USAGE = YES_ERROR;
				CLANG_WARN_EMPTY_BODY = YES;
				CLANG_WARN_ENUM_CONVERSION = YES;
				CLANG_WARN_INT_CONVERSION = YES;
				CLANG_WARN_OBJC_ROOT_CLASS = YES_ERROR;
				CLANG_WARN__DUPLICATE_METHOD_MATCH = YES;
				"CODE_SIGN_IDENTITY[sdk=iphoneos*]" = "iPhone Developer";
				COPY_PHASE_STRIP = YES;
				ENABLE_NS_ASSERTIONS = NO;
				GCC_C_LANGUAGE_STANDARD = gnu99;
				GCC_WARN_64_TO_32_BIT_CONVERSION = YES;
				GCC_WARN_ABOUT_RETURN_TYPE = YES_ERROR;
				GCC_WARN_UNDECLARED_SELECTOR = YES;
				GCC_WARN_UNINITIALIZED_AUTOS = YES;
				GCC_WARN_UNUSED_FUNCTION = YES;
				GCC_WARN_UNUSED_VARIABLE = YES;
				IPHONEOS_DEPLOYMENT_TARGET = 7.0;
				SDKROOT = iphoneos;
				VALIDATE_PRODUCT = YES;
			};
			name = Release;
		};
		40E9A5891835BE0100924819 /* Debug */ = {
			isa = XCBuildConfiguration;
			buildSettings = {
				ASSETCATALOG_COMPILER_APPICON_NAME = AppIcon;
				ASSETCATALOG_COMPILER_LAUNCHIMAGE_NAME = LaunchImage;
				GCC_PRECOMPILE_PREFIX_HEADER = YES;
				GCC_PREFIX_HEADER = "SimpleTable/SimpleTable-Prefix.pch";
				INFOPLIST_FILE = "SimpleTable/SimpleTable-Info.plist";
				PRODUCT_NAME = "$(TARGET_NAME)";
				WRAPPER_EXTENSION = app;
			};
			name = Debug;
		};
		40E9A58A1835BE0100924819 /* Release */ = {
			isa = XCBuildConfiguration;
			buildSettings = {
				ASSETCATALOG_COMPILER_APPICON_NAME = AppIcon;
				ASSETCATALOG_COMPILER_LAUNCHIMAGE_NAME = LaunchImage;
				GCC_PRECOMPILE_PREFIX_HEADER = YES;
				GCC_PREFIX_HEADER = "SimpleTable/SimpleTable-Prefix.pch";
				INFOPLIST_FILE = "SimpleTable/SimpleTable-Info.plist";
				PRODUCT_NAME = "$(TARGET_NAME)";
				WRAPPER_EXTENSION = app;
			};
			name = Release;
		};
		40E9A58C1835BE0100924819 /* Debug */ = {
			isa = XCBuildConfiguration;
			buildSettings = {
				ARCHS = "$(ARCHS_STANDARD_INCLUDING_64_BIT)";
				BUNDLE_LOADER = "$(BUILT_PRODUCTS_DIR)/SimpleTable.app/SimpleTable";
				FRAMEWORK_SEARCH_PATHS = (
					"$(SDKROOT)/Developer/Library/Frameworks",
					"$(inherited)",
					"$(DEVELOPER_FRAMEWORKS_DIR)",
				);
				GCC_PRECOMPILE_PREFIX_HEADER = YES;
				GCC_PREFIX_HEADER = "SimpleTable/SimpleTable-Prefix.pch";
				GCC_PREPROCESSOR_DEFINITIONS = (
					"DEBUG=1",
					"$(inherited)",
				);
				INFOPLIST_FILE = "SimpleTableTests/SimpleTableTests-Info.plist";
				PRODUCT_NAME = "$(TARGET_NAME)";
				TEST_HOST = "$(BUNDLE_LOADER)";
				WRAPPER_EXTENSION = xctest;
			};
			name = Debug;
		};
		40E9A58D1835BE0100924819 /* Release */ = {
			isa = XCBuildConfiguration;
			buildSettings = {
				ARCHS = "$(ARCHS_STANDARD_INCLUDING_64_BIT)";
				BUNDLE_LOADER = "$(BUILT_PRODUCTS_DIR)/SimpleTable.app/SimpleTable";
				FRAMEWORK_SEARCH_PATHS = (
					"$(SDKROOT)/Developer/Library/Frameworks",
					"$(inherited)",
					"$(DEVELOPER_FRAMEWORKS_DIR)",
				);
				GCC_PRECOMPILE_PREFIX_HEADER = YES;
				GCC_PREFIX_HEADER = "SimpleTable/SimpleTable-Prefix.pch";
				INFOPLIST_FILE = "SimpleTableTests/SimpleTableTests-Info.plist";
				PRODUCT_NAME = "$(TARGET_NAME)";
				TEST_HOST = "$(BUNDLE_LOADER)";
				WRAPPER_EXTENSION = xctest;
			};
			name = Release;
		};
/* End XCBuildConfiguration section */

/* Begin XCConfigurationList section */
		40E9A5511835BE0000924819 /* Build configuration list for PBXProject "SimpleTable" */ = {
			isa = XCConfigurationList;
			buildConfigurations = (
				40E9A5861835BE0100924819 /* Debug */,
				40E9A5871835BE0100924819 /* Release */,
			);
			defaultConfigurationIsVisible = 0;
			defaultConfigurationName = Release;
		};
		40E9A5881835BE0100924819 /* Build configuration list for PBXNativeTarget "SimpleTable" */ = {
			isa = XCConfigurationList;
			buildConfigurations = (
				40E9A5891835BE0100924819 /* Debug */,
				40E9A58A1835BE0100924819 /* Release */,
			);
			defaultConfigurationIsVisible = 0;
		};
		40E9A58B1835BE0100924819 /* Build configuration list for PBXNativeTarget "SimpleTableTests" */ = {
			isa = XCConfigurationList;
			buildConfigurations = (
				40E9A58C1835BE0100924819 /* Debug */,
				40E9A58D1835BE0100924819 /* Release */,
			);
			defaultConfigurationIsVisible = 0;
		};
/* End XCConfigurationList section */
	};
	rootObject = 40E9A54E1835BE0000924819 /* Project object */;
}
